
Microsoft Visual Studio Solution File, Format Version 12.00
# Visual Studio 15
VisualStudioVersion = 15.0.27130.2036
MinimumVisualStudioVersion = 10.0.40219.1
Project("{F184B08F-C81C-45F6-A57F-5ABD9991F28F}") = "Dot Net 3.5 Offilne", "Dot net offilne\Dot Net 3.5 Offilne.vbproj", "{EAB389CB-958C-4FF6-817B-0007DC787050}"
EndProject
Global
	GlobalSection(SolutionConfigurationPlatforms) = preSolution
		Debug|Any CPU = Debug|Any CPU
		Release|Any CPU = Release|Any CPU
	EndGlobalSection
	GlobalSection(ProjectConfigurationPlatforms) = postSolution
		{EAB389CB-958C-4FF6-817B-0007DC787050}.Debug|Any CPU.ActiveCfg = Debug|Any CPU
		{EAB389CB-958C-4FF6-817B-0007DC787050}.Debug|Any CPU.Build.0 = Debug|Any CPU
		{EAB389CB-958C-4FF6-817B-0007DC787050}.Release|Any CPU.ActiveCfg = Release|Any CPU
		{EAB389CB-958C-4FF6-817B-0007DC787050}.Release|Any CPU.Build.0 = Release|Any CPU
	EndGlobalSection
	GlobalSection(SolutionProperties) = preSolution
		HideSolutionNode = FALSE
	EndGlobalSection
	GlobalSection(ExtensibilityGlobals) = postSolution
		SolutionGuid = {4BA5E167-8E3D-439A-90DB-C015042DA5DC}
	EndGlobalSection
EndGlobal
